
Microsoft Visual Studio Solution File, Format Version 12.00
# Visual Studio Version 17
VisualStudioVersion = 17.1.32328.378
MinimumVisualStudioVersion = 10.0.40219.1
Project("{8BC9CEB8-8B4A-11D0-8D11-00A0C91BC942}") = "WarGame", "WarGame.vcxproj", "{B4662154-3412-4592-A986-AB0E1E5C2036}"
EndProject
Project("{8BC9CEB8-8B4A-11D0-8D11-00A0C91BC942}") = "WarEditor", "..\WarEditor\WarEditor.vcxproj", "{AFE5766E-A904-46F2-91E7-0E503E871B26}"
EndProject
Global
	GlobalSection(SolutionConfigurationPlatforms) = preSolution
		Debug|x64 = Debug|x64
		Debug|x86 = Debug|x86
		Release|x64 = Release|x64
		Release|x86 = Release|x86
	EndGlobalSection
	GlobalSection(ProjectConfigurationPlatforms) = postSolution
		{B4662154-3412-4592-A986-AB0E1E5C2036}.Debug|x64.ActiveCfg = Debug|x64
		{B4662154-3412-4592-A986-AB0E1E5C2036}.Debug|x64.Build.0 = Debug|x64
		{B4662154-3412-4592-A986-AB0E1E5C2036}.Debug|x86.ActiveCfg = Debug|Win32
		{B4662154-3412-4592-A986-AB0E1E5C2036}.Debug|x86.Build.0 = Debug|Win32
		{B4662154-3412-4592-A986-AB0E1E5C2036}.Release|x64.ActiveCfg = Release|x64
		{B4662154-3412-4592-A986-AB0E1E5C2036}.Release|x64.Build.0 = Release|x64
		{B4662154-3412-4592-A986-AB0E1E5C2036}.Release|x86.ActiveCfg = Release|Win32
		{B4662154-3412-4592-A986-AB0E1E5C2036}.Release|x86.Build.0 = Release|Win32
		{AFE5766E-A904-46F2-91E7-0E503E871B26}.Debug|x64.ActiveCfg = Debug|x64
		{AFE5766E-A904-46F2-91E7-0E503E871B26}.Debug|x64.Build.0 = Debug|x64
		{AFE5766E-A904-46F2-91E7-0E503E871B26}.Debug|x86.ActiveCfg = Debug|Win32
		{AFE5766E-A904-46F2-91E7-0E503E871B26}.Debug|x86.Build.0 = Debug|Win32
		{AFE5766E-A904-46F2-91E7-0E503E871B26}.Release|x64.ActiveCfg = Release|x64
		{AFE5766E-A904-46F2-91E7-0E503E871B26}.Release|x64.Build.0 = Release|x64
		{AFE5766E-A904-46F2-91E7-0E503E871B26}.Release|x86.ActiveCfg = Release|Win32
		{AFE5766E-A904-46F2-91E7-0E503E871B26}.Release|x86.Build.0 = Release|Win32
	EndGlobalSection
	GlobalSection(SolutionProperties) = preSolution
		HideSolutionNode = FALSE
	EndGlobalSection
	GlobalSection(ExtensibilityGlobals) = postSolution
		SolutionGuid = {300D35B4-3ED4-4347-9158-7851EEE67675}
	EndGlobalSection
EndGlobal
